// !$*UTF8*$!
{
	archiveVersion = 1;
	classes = {
	};
	objectVersion = 56;
	objects = {

/* Begin PBXBuildFile section */
		C02C06502B27F01E00600FFA /* CompanyObject.swift in Sources */ = {isa = PBXBuildFile; fileRef = C02C064F2B27F01E00600FFA /* CompanyObject.swift */; };
		C02C06522B27F15B00600FFA /* CategoryObject.swift in Sources */ = {isa = PBXBuildFile; fileRef = C02C06512B27F15B00600FFA /* CategoryObject.swift */; };
		C031FD832B0EC9B50041014B /* Waste.swift in Sources */ = {isa = PBXBuildFile; fileRef = C031FD822B0EC9B50041014B /* Waste.swift */; };
		C031FD852B0ECA7A0041014B /* ViewExtentions.swift in Sources */ = {isa = PBXBuildFile; fileRef = C031FD842B0ECA7A0041014B /* ViewExtentions.swift */; };
		C031FD872B0ECAC20041014B /* UserInputData.swift in Sources */ = {isa = PBXBuildFile; fileRef = C031FD862B0ECAC20041014B /* UserInputData.swift */; };
		C042D7922B56420C00E45D4D /* WasteTwo.swift in Sources */ = {isa = PBXBuildFile; fileRef = C042D7912B56420C00E45D4D /* WasteTwo.swift */; };
		C042D7942B56537800E45D4D /* WASTE3.swift in Sources */ = {isa = PBXBuildFile; fileRef = C042D7932B56537800E45D4D /* WASTE3.swift */; };
		C04601F12B3C57AB00BFFB52 /* DonationsView.swift in Sources */ = {isa = PBXBuildFile; fileRef = C04601F02B3C57AB00BFFB52 /* DonationsView.swift */; };
		C04601F32B3C6E1000BFFB52 /* ActivityFeedView.swift in Sources */ = {isa = PBXBuildFile; fileRef = C04601F22B3C6E1000BFFB52 /* ActivityFeedView.swift */; };
		C050008B2B194B2D00319C64 /* NGOProfileView.swift in Sources */ = {isa = PBXBuildFile; fileRef = C050008A2B194B2D00319C64 /* NGOProfileView.swift */; };
		C05ADEC92B0AC29D00F5B5ED /* SwfitUI_Connect_And_CareApp.swift in Sources */ = {isa = PBXBuildFile; fileRef = C05ADEC82B0AC29D00F5B5ED /* SwfitUI_Connect_And_CareApp.swift */; };
		C05ADECB2B0AC29D00F5B5ED /* LoginOnboardingView.swift in Sources */ = {isa = PBXBuildFile; fileRef = C05ADECA2B0AC29D00F5B5ED /* LoginOnboardingView.swift */; };
		C05ADECD2B0AC29E00F5B5ED /* Assets.xcassets in Resources */ = {isa = PBXBuildFile; fileRef = C05ADECC2B0AC29E00F5B5ED /* Assets.xcassets */; };
		C05ADED02B0AC29E00F5B5ED /* Preview Assets.xcassets in Resources */ = {isa = PBXBuildFile; fileRef = C05ADECF2B0AC29E00F5B5ED /* Preview Assets.xcassets */; };
		C05ADED72B0BD9D400F5B5ED /* UserInputView.swift in Sources */ = {isa = PBXBuildFile; fileRef = C05ADED62B0BD9D400F5B5ED /* UserInputView.swift */; };
		C05ADED92B0BE31700F5B5ED /* TextViewModifiers.swift in Sources */ = {isa = PBXBuildFile; fileRef = C05ADED82B0BE31700F5B5ED /* TextViewModifiers.swift */; };
		C071C1652B17F32A00BCFC49 /* NGOMapView.swift in Sources */ = {isa = PBXBuildFile; fileRef = C071C1642B17F32A00BCFC49 /* NGOMapView.swift */; };
		C09962232B2A9C39001265F5 /* NGOMapViewViewModel.swift in Sources */ = {isa = PBXBuildFile; fileRef = C09962222B2A9C39001265F5 /* NGOMapViewViewModel.swift */; };
		C0A0F8FA2B34223E0096F1E8 /* BlurView.swift in Sources */ = {isa = PBXBuildFile; fileRef = C0A0F8F92B34223E0096F1E8 /* BlurView.swift */; };
		C0CFA1742B50FE85005D5F59 /* TipViews.swift in Sources */ = {isa = PBXBuildFile; fileRef = C0CFA1732B50FE85005D5F59 /* TipViews.swift */; };
		C0FF4C0B2C40985F00146DC9 /* Triangle.swift in Sources */ = {isa = PBXBuildFile; fileRef = C0FF4C0A2C40985F00146DC9 /* Triangle.swift */; };
		C0FF4C0D2C4098A200146DC9 /* CNCAnnotation.swift in Sources */ = {isa = PBXBuildFile; fileRef = C0FF4C0C2C4098A200146DC9 /* CNCAnnotation.swift */; };
		C0FF4C0F2C4098D100146DC9 /* CategoryFilterScrollView.swift in Sources */ = {isa = PBXBuildFile; fileRef = C0FF4C0E2C4098D100146DC9 /* CategoryFilterScrollView.swift */; };
		C0FF4C112C4098E200146DC9 /* RoundButtonView.swift in Sources */ = {isa = PBXBuildFile; fileRef = C0FF4C102C4098E200146DC9 /* RoundButtonView.swift */; };
		C0FF4C132C40990400146DC9 /* CompanyHGrid.swift in Sources */ = {isa = PBXBuildFile; fileRef = C0FF4C122C40990400146DC9 /* CompanyHGrid.swift */; };
		C0FF4C152C40992700146DC9 /* CompanyVGrid.swift in Sources */ = {isa = PBXBuildFile; fileRef = C0FF4C142C40992700146DC9 /* CompanyVGrid.swift */; };
		C0FF4C172C40993A00146DC9 /* MapControlPanelView.swift in Sources */ = {isa = PBXBuildFile; fileRef = C0FF4C162C40993A00146DC9 /* MapControlPanelView.swift */; };
		C0FF4C192C40995D00146DC9 /* CompanyCardView.swift in Sources */ = {isa = PBXBuildFile; fileRef = C0FF4C182C40995D00146DC9 /* CompanyCardView.swift */; };
		C0FF4C1D2C409FB400146DC9 /* User.swift in Sources */ = {isa = PBXBuildFile; fileRef = C0FF4C1C2C409FB400146DC9 /* User.swift */; };
		C0FF4C1F2C409FE000146DC9 /* BriefHistoryObject.swift in Sources */ = {isa = PBXBuildFile; fileRef = C0FF4C1E2C409FE000146DC9 /* BriefHistoryObject.swift */; };
		C0FF4C212C409FF900146DC9 /* BriefHistoryImageObject.swift in Sources */ = {isa = PBXBuildFile; fileRef = C0FF4C202C409FF900146DC9 /* BriefHistoryImageObject.swift */; };
		C0FF4C232C40A00700146DC9 /* Donation.swift in Sources */ = {isa = PBXBuildFile; fileRef = C0FF4C222C40A00700146DC9 /* Donation.swift */; };
		C0FF4C252C40A02000146DC9 /* Project.swift in Sources */ = {isa = PBXBuildFile; fileRef = C0FF4C242C40A02000146DC9 /* Project.swift */; };
		C0FF4C272C40A07500146DC9 /* ActivityFeedViewViewModelType.swift in Sources */ = {isa = PBXBuildFile; fileRef = C0FF4C262C40A07500146DC9 /* ActivityFeedViewViewModelType.swift */; };
		C0FF4C292C40A0D600146DC9 /* TeamMember.swift in Sources */ = {isa = PBXBuildFile; fileRef = C0FF4C282C40A0D600146DC9 /* TeamMember.swift */; };
		C0FF4C2B2C40A0F600146DC9 /* ActvityPost.swift in Sources */ = {isa = PBXBuildFile; fileRef = C0FF4C2A2C40A0F600146DC9 /* ActvityPost.swift */; };
		C0FF4C2D2C40A11800146DC9 /* IdentifiableImage.swift in Sources */ = {isa = PBXBuildFile; fileRef = C0FF4C2C2C40A11800146DC9 /* IdentifiableImage.swift */; };
		C0FF4C2F2C40A12900146DC9 /* IdentifiableVideo.swift in Sources */ = {isa = PBXBuildFile; fileRef = C0FF4C2E2C40A12900146DC9 /* IdentifiableVideo.swift */; };
		C0FF4C312C40A15600146DC9 /* TweetGenerator.swift in Sources */ = {isa = PBXBuildFile; fileRef = C0FF4C302C40A15600146DC9 /* TweetGenerator.swift */; };
/* End PBXBuildFile section */

/* Begin PBXFileReference section */
		C02C064F2B27F01E00600FFA /* CompanyObject.swift */ = {isa = PBXFileReference; lastKnownFileType = sourcecode.swift; path = CompanyObject.swift; sourceTree = "<group>"; };
		C02C06512B27F15B00600FFA /* CategoryObject.swift */ = {isa = PBXFileReference; lastKnownFileType = sourcecode.swift; path = CategoryObject.swift; sourceTree = "<group>"; };
		C031FD822B0EC9B50041014B /* Waste.swift */ = {isa = PBXFileReference; lastKnownFileType = sourcecode.swift; path = Waste.swift; sourceTree = "<group>"; };
		C031FD842B0ECA7A0041014B /* ViewExtentions.swift */ = {isa = PBXFileReference; lastKnownFileType = sourcecode.swift; path = ViewExtentions.swift; sourceTree = "<group>"; };
		C031FD862B0ECAC20041014B /* UserInputData.swift */ = {isa = PBXFileReference; lastKnownFileType = sourcecode.swift; path = UserInputData.swift; sourceTree = "<group>"; };
		C042D7912B56420C00E45D4D /* WasteTwo.swift */ = {isa = PBXFileReference; lastKnownFileType = sourcecode.swift; path = WasteTwo.swift; sourceTree = "<group>"; };
		C042D7932B56537800E45D4D /* WASTE3.swift */ = {isa = PBXFileReference; lastKnownFileType = sourcecode.swift; path = WASTE3.swift; sourceTree = "<group>"; };
		C04601F02B3C57AB00BFFB52 /* DonationsView.swift */ = {isa = PBXFileReference; lastKnownFileType = sourcecode.swift; path = DonationsView.swift; sourceTree = "<group>"; };
		C04601F22B3C6E1000BFFB52 /* ActivityFeedView.swift */ = {isa = PBXFileReference; lastKnownFileType = sourcecode.swift; path = ActivityFeedView.swift; sourceTree = "<group>"; };
		C050008A2B194B2D00319C64 /* NGOProfileView.swift */ = {isa = PBXFileReference; lastKnownFileType = sourcecode.swift; path = NGOProfileView.swift; sourceTree = "<group>"; };
		C05ADEC52B0AC29D00F5B5ED /* SwfitUI Connect And Care.app */ = {isa = PBXFileReference; explicitFileType = wrapper.application; includeInIndex = 0; path = "SwfitUI Connect And Care.app"; sourceTree = BUILT_PRODUCTS_DIR; };
		C05ADEC82B0AC29D00F5B5ED /* SwfitUI_Connect_And_CareApp.swift */ = {isa = PBXFileReference; lastKnownFileType = sourcecode.swift; path = SwfitUI_Connect_And_CareApp.swift; sourceTree = "<group>"; };
		C05ADECA2B0AC29D00F5B5ED /* LoginOnboardingView.swift */ = {isa = PBXFileReference; lastKnownFileType = sourcecode.swift; path = LoginOnboardingView.swift; sourceTree = "<group>"; };
		C05ADECC2B0AC29E00F5B5ED /* Assets.xcassets */ = {isa = PBXFileReference; lastKnownFileType = folder.assetcatalog; path = Assets.xcassets; sourceTree = "<group>"; };
		C05ADECF2B0AC29E00F5B5ED /* Preview Assets.xcassets */ = {isa = PBXFileReference; lastKnownFileType = folder.assetcatalog; path = "Preview Assets.xcassets"; sourceTree = "<group>"; };
		C05ADED62B0BD9D400F5B5ED /* UserInputView.swift */ = {isa = PBXFileReference; lastKnownFileType = sourcecode.swift; path = UserInputView.swift; sourceTree = "<group>"; };
		C05ADED82B0BE31700F5B5ED /* TextViewModifiers.swift */ = {isa = PBXFileReference; lastKnownFileType = sourcecode.swift; path = TextViewModifiers.swift; sourceTree = "<group>"; };
		C071C1642B17F32A00BCFC49 /* NGOMapView.swift */ = {isa = PBXFileReference; lastKnownFileType = sourcecode.swift; path = NGOMapView.swift; sourceTree = "<group>"; };
		C09962222B2A9C39001265F5 /* NGOMapViewViewModel.swift */ = {isa = PBXFileReference; lastKnownFileType = sourcecode.swift; path = NGOMapViewViewModel.swift; sourceTree = "<group>"; };
		C0A0F8F92B34223E0096F1E8 /* BlurView.swift */ = {isa = PBXFileReference; lastKnownFileType = sourcecode.swift; path = BlurView.swift; sourceTree = "<group>"; };
		C0CFA1732B50FE85005D5F59 /* TipViews.swift */ = {isa = PBXFileReference; lastKnownFileType = sourcecode.swift; path = TipViews.swift; sourceTree = "<group>"; };
		C0FF4C0A2C40985F00146DC9 /* Triangle.swift */ = {isa = PBXFileReference; lastKnownFileType = sourcecode.swift; path = Triangle.swift; sourceTree = "<group>"; };
		C0FF4C0C2C4098A200146DC9 /* CNCAnnotation.swift */ = {isa = PBXFileReference; lastKnownFileType = sourcecode.swift; path = CNCAnnotation.swift; sourceTree = "<group>"; };
		C0FF4C0E2C4098D100146DC9 /* CategoryFilterScrollView.swift */ = {isa = PBXFileReference; lastKnownFileType = sourcecode.swift; path = CategoryFilterScrollView.swift; sourceTree = "<group>"; };
		C0FF4C102C4098E200146DC9 /* RoundButtonView.swift */ = {isa = PBXFileReference; lastKnownFileType = sourcecode.swift; path = RoundButtonView.swift; sourceTree = "<group>"; };
		C0FF4C122C40990400146DC9 /* CompanyHGrid.swift */ = {isa = PBXFileReference; lastKnownFileType = sourcecode.swift; path = CompanyHGrid.swift; sourceTree = "<group>"; };
		C0FF4C142C40992700146DC9 /* CompanyVGrid.swift */ = {isa = PBXFileReference; lastKnownFileType = sourcecode.swift; path = CompanyVGrid.swift; sourceTree = "<group>"; };
		C0FF4C162C40993A00146DC9 /* MapControlPanelView.swift */ = {isa = PBXFileReference; lastKnownFileType = sourcecode.swift; path = MapControlPanelView.swift; sourceTree = "<group>"; };
		C0FF4C182C40995D00146DC9 /* CompanyCardView.swift */ = {isa = PBXFileReference; lastKnownFileType = sourcecode.swift; path = CompanyCardView.swift; sourceTree = "<group>"; };
		C0FF4C1C2C409FB400146DC9 /* User.swift */ = {isa = PBXFileReference; lastKnownFileType = sourcecode.swift; path = User.swift; sourceTree = "<group>"; };
		C0FF4C1E2C409FE000146DC9 /* BriefHistoryObject.swift */ = {isa = PBXFileReference; lastKnownFileType = sourcecode.swift; path = BriefHistoryObject.swift; sourceTree = "<group>"; };
		C0FF4C202C409FF900146DC9 /* BriefHistoryImageObject.swift */ = {isa = PBXFileReference; lastKnownFileType = sourcecode.swift; path = BriefHistoryImageObject.swift; sourceTree = "<group>"; };
		C0FF4C222C40A00700146DC9 /* Donation.swift */ = {isa = PBXFileReference; lastKnownFileType = sourcecode.swift; path = Donation.swift; sourceTree = "<group>"; };
		C0FF4C242C40A02000146DC9 /* Project.swift */ = {isa = PBXFileReference; lastKnownFileType = sourcecode.swift; path = Project.swift; sourceTree = "<group>"; };
		C0FF4C262C40A07500146DC9 /* ActivityFeedViewViewModelType.swift */ = {isa = PBXFileReference; lastKnownFileType = sourcecode.swift; path = ActivityFeedViewViewModelType.swift; sourceTree = "<group>"; };
		C0FF4C282C40A0D600146DC9 /* TeamMember.swift */ = {isa = PBXFileReference; lastKnownFileType = sourcecode.swift; path = TeamMember.swift; sourceTree = "<group>"; };
		C0FF4C2A2C40A0F600146DC9 /* ActvityPost.swift */ = {isa = PBXFileReference; lastKnownFileType = sourcecode.swift; path = ActvityPost.swift; sourceTree = "<group>"; };
		C0FF4C2C2C40A11800146DC9 /* IdentifiableImage.swift */ = {isa = PBXFileReference; lastKnownFileType = sourcecode.swift; path = IdentifiableImage.swift; sourceTree = "<group>"; };
		C0FF4C2E2C40A12900146DC9 /* IdentifiableVideo.swift */ = {isa = PBXFileReference; lastKnownFileType = sourcecode.swift; path = IdentifiableVideo.swift; sourceTree = "<group>"; };
		C0FF4C302C40A15600146DC9 /* TweetGenerator.swift */ = {isa = PBXFileReference; lastKnownFileType = sourcecode.swift; path = TweetGenerator.swift; sourceTree = "<group>"; };
/* End PBXFileReference section */

/* Begin PBXFrameworksBuildPhase section */
		C05ADEC22B0AC29D00F5B5ED /* Frameworks */ = {
			isa = PBXFrameworksBuildPhase;
			buildActionMask = 2147483647;
			files = (
			);
			runOnlyForDeploymentPostprocessing = 0;
		};
/* End PBXFrameworksBuildPhase section */

/* Begin PBXGroup section */
		C02C064E2B27F00600600FFA /* DataModels */ = {
			isa = PBXGroup;
			children = (
				C02C064F2B27F01E00600FFA /* CompanyObject.swift */,
				C0FF4C302C40A15600146DC9 /* TweetGenerator.swift */,
				C0FF4C2E2C40A12900146DC9 /* IdentifiableVideo.swift */,
				C0FF4C2C2C40A11800146DC9 /* IdentifiableImage.swift */,
				C0FF4C2A2C40A0F600146DC9 /* ActvityPost.swift */,
				C0FF4C282C40A0D600146DC9 /* TeamMember.swift */,
				C0FF4C242C40A02000146DC9 /* Project.swift */,
				C0FF4C222C40A00700146DC9 /* Donation.swift */,
				C0FF4C202C409FF900146DC9 /* BriefHistoryImageObject.swift */,
				C0FF4C1E2C409FE000146DC9 /* BriefHistoryObject.swift */,
				C02C06512B27F15B00600FFA /* CategoryObject.swift */,
				C09962222B2A9C39001265F5 /* NGOMapViewViewModel.swift */,
				C0FF4C262C40A07500146DC9 /* ActivityFeedViewViewModelType.swift */,
				C0FF4C1C2C409FB400146DC9 /* User.swift */,
			);
			path = DataModels;
			sourceTree = "<group>";
		};
		C05ADEBC2B0AC29D00F5B5ED = {
			isa = PBXGroup;
			children = (
				C05ADEC72B0AC29D00F5B5ED /* SwfitUI Connect And Care */,
				C05ADEC62B0AC29D00F5B5ED /* Products */,
			);
			sourceTree = "<group>";
		};
		C05ADEC62B0AC29D00F5B5ED /* Products */ = {
			isa = PBXGroup;
			children = (
				C05ADEC52B0AC29D00F5B5ED /* SwfitUI Connect And Care.app */,
			);
			name = Products;
			sourceTree = "<group>";
		};
		C05ADEC72B0AC29D00F5B5ED /* SwfitUI Connect And Care */ = {
			isa = PBXGroup;
			children = (
				C05ADEC82B0AC29D00F5B5ED /* SwfitUI_Connect_And_CareApp.swift */,
				C02C064E2B27F00600600FFA /* DataModels */,
				C0FF4C1B2C409E3700146DC9 /* View Extentions */,
				C0FF4C1A2C409E0F00146DC9 /* TabViews */,
				C0FF4C092C40984700146DC9 /* CustomViews */,
				C0FF4C072C406AD800146DC9 /* Ignore */,
				C0FF4C082C406B8F00146DC9 /* Login Code (Ignore) */,
				C05ADECE2B0AC29E00F5B5ED /* Preview Content */,
			);
			path = "SwfitUI Connect And Care";
			sourceTree = "<group>";
		};
		C05ADECE2B0AC29E00F5B5ED /* Preview Content */ = {
			isa = PBXGroup;
			children = (
				C05ADECC2B0AC29E00F5B5ED /* Assets.xcassets */,
				C05ADECF2B0AC29E00F5B5ED /* Preview Assets.xcassets */,
			);
			path = "Preview Content";
			sourceTree = "<group>";
		};
		C0FF4C072C406AD800146DC9 /* Ignore */ = {
			isa = PBXGroup;
			children = (
				C031FD822B0EC9B50041014B /* Waste.swift */,
				C042D7912B56420C00E45D4D /* WasteTwo.swift */,
				C042D7932B56537800E45D4D /* WASTE3.swift */,
			);
			path = Ignore;
			sourceTree = "<group>";
		};
		C0FF4C082C406B8F00146DC9 /* Login Code (Ignore) */ = {
			isa = PBXGroup;
			children = (
				C05ADED82B0BE31700F5B5ED /* TextViewModifiers.swift */,
				C031FD862B0ECAC20041014B /* UserInputData.swift */,
				C05ADECA2B0AC29D00F5B5ED /* LoginOnboardingView.swift */,
				C05ADED62B0BD9D400F5B5ED /* UserInputView.swift */,
			);
			path = "Login Code (Ignore)";
			sourceTree = "<group>";
		};
		C0FF4C092C40984700146DC9 /* CustomViews */ = {
			isa = PBXGroup;
			children = (
				C0CFA1732B50FE85005D5F59 /* TipViews.swift */,
				C0A0F8F92B34223E0096F1E8 /* BlurView.swift */,
				C0FF4C0A2C40985F00146DC9 /* Triangle.swift */,
				C0FF4C0C2C4098A200146DC9 /* CNCAnnotation.swift */,
				C0FF4C0E2C4098D100146DC9 /* CategoryFilterScrollView.swift */,
				C0FF4C102C4098E200146DC9 /* RoundButtonView.swift */,
				C0FF4C122C40990400146DC9 /* CompanyHGrid.swift */,
				C0FF4C142C40992700146DC9 /* CompanyVGrid.swift */,
				C0FF4C162C40993A00146DC9 /* MapControlPanelView.swift */,
				C0FF4C182C40995D00146DC9 /* CompanyCardView.swift */,
			);
			path = CustomViews;
			sourceTree = "<group>";
		};
		C0FF4C1A2C409E0F00146DC9 /* TabViews */ = {
			isa = PBXGroup;
			children = (
				C071C1642B17F32A00BCFC49 /* NGOMapView.swift */,
				C04601F02B3C57AB00BFFB52 /* DonationsView.swift */,
				C04601F22B3C6E1000BFFB52 /* ActivityFeedView.swift */,
				C050008A2B194B2D00319C64 /* NGOProfileView.swift */,
			);
			path = TabViews;
			sourceTree = "<group>";
		};
		C0FF4C1B2C409E3700146DC9 /* View Extentions */ = {
			isa = PBXGroup;
			children = (
				C031FD842B0ECA7A0041014B /* ViewExtentions.swift */,
			);
			path = "View Extentions";
			sourceTree = "<group>";
		};
/* End PBXGroup section */

/* Begin PBXNativeTarget section */
		C05ADEC42B0AC29D00F5B5ED /* SwfitUI Connect And Care */ = {
			isa = PBXNativeTarget;
			buildConfigurationList = C05ADED32B0AC29E00F5B5ED /* Build configuration list for PBXNativeTarget "SwfitUI Connect And Care" */;
			buildPhases = (
				C05ADEC12B0AC29D00F5B5ED /* Sources */,
				C05ADEC22B0AC29D00F5B5ED /* Frameworks */,
				C05ADEC32B0AC29D00F5B5ED /* Resources */,
			);
			buildRules = (
			);
			dependencies = (
			);
			name = "SwfitUI Connect And Care";
			productName = "SwfitUI Connect And Care";
			productReference = C05ADEC52B0AC29D00F5B5ED /* SwfitUI Connect And Care.app */;
			productType = "com.apple.product-type.application";
		};
/* End PBXNativeTarget section */

/* Begin PBXProject section */
		C05ADEBD2B0AC29D00F5B5ED /* Project object */ = {
			isa = PBXProject;
			attributes = {
				BuildIndependentTargetsInParallel = 1;
				LastSwiftUpdateCheck = 1500;
				LastUpgradeCheck = 1500;
				TargetAttributes = {
					C05ADEC42B0AC29D00F5B5ED = {
						CreatedOnToolsVersion = 15.0.1;
					};
				};
			};
			buildConfigurationList = C05ADEC02B0AC29D00F5B5ED /* Build configuration list for PBXProject "SwfitUI Connect And Care" */;
			compatibilityVersion = "Xcode 14.0";
			developmentRegion = en;
			hasScannedForEncodings = 0;
			knownRegions = (
				en,
				Base,
			);
			mainGroup = C05ADEBC2B0AC29D00F5B5ED;
			productRefGroup = C05ADEC62B0AC29D00F5B5ED /* Products */;
			projectDirPath = "";
			projectRoot = "";
			targets = (
				C05ADEC42B0AC29D00F5B5ED /* SwfitUI Connect And Care */,
			);
		};
/* End PBXProject section */

/* Begin PBXResourcesBuildPhase section */
		C05ADEC32B0AC29D00F5B5ED /* Resources */ = {
			isa = PBXResourcesBuildPhase;
			buildActionMask = 2147483647;
			files = (
				C05ADED02B0AC29E00F5B5ED /* Preview Assets.xcassets in Resources */,
				C05ADECD2B0AC29E00F5B5ED /* Assets.xcassets in Resources */,
			);
			runOnlyForDeploymentPostprocessing = 0;
		};
/* End PBXResourcesBuildPhase section */

/* Begin PBXSourcesBuildPhase section */
		C05ADEC12B0AC29D00F5B5ED /* Sources */ = {
			isa = PBXSourcesBuildPhase;
			buildActionMask = 2147483647;
			files = (
				C050008B2B194B2D00319C64 /* NGOProfileView.swift in Sources */,
				C042D7922B56420C00E45D4D /* WasteTwo.swift in Sources */,
				C0FF4C292C40A0D600146DC9 /* TeamMember.swift in Sources */,
				C042D7942B56537800E45D4D /* WASTE3.swift in Sources */,
				C0FF4C2B2C40A0F600146DC9 /* ActvityPost.swift in Sources */,
				C0FF4C232C40A00700146DC9 /* Donation.swift in Sources */,
				C04601F12B3C57AB00BFFB52 /* DonationsView.swift in Sources */,
				C0FF4C0D2C4098A200146DC9 /* CNCAnnotation.swift in Sources */,
				C0FF4C1D2C409FB400146DC9 /* User.swift in Sources */,
				C0FF4C2D2C40A11800146DC9 /* IdentifiableImage.swift in Sources */,
				C0FF4C152C40992700146DC9 /* CompanyVGrid.swift in Sources */,
				C0FF4C272C40A07500146DC9 /* ActivityFeedViewViewModelType.swift in Sources */,
				C0FF4C112C4098E200146DC9 /* RoundButtonView.swift in Sources */,
				C0FF4C312C40A15600146DC9 /* TweetGenerator.swift in Sources */,
				C0CFA1742B50FE85005D5F59 /* TipViews.swift in Sources */,
				C031FD872B0ECAC20041014B /* UserInputData.swift in Sources */,
				C071C1652B17F32A00BCFC49 /* NGOMapView.swift in Sources */,
				C0FF4C0B2C40985F00146DC9 /* Triangle.swift in Sources */,
				C0FF4C192C40995D00146DC9 /* CompanyCardView.swift in Sources */,
				C0FF4C0F2C4098D100146DC9 /* CategoryFilterScrollView.swift in Sources */,
				C02C06522B27F15B00600FFA /* CategoryObject.swift in Sources */,
				C04601F32B3C6E1000BFFB52 /* ActivityFeedView.swift in Sources */,
				C0FF4C2F2C40A12900146DC9 /* IdentifiableVideo.swift in Sources */,
				C031FD832B0EC9B50041014B /* Waste.swift in Sources */,
				C031FD852B0ECA7A0041014B /* ViewExtentions.swift in Sources */,
				C05ADED92B0BE31700F5B5ED /* TextViewModifiers.swift in Sources */,
				C0FF4C212C409FF900146DC9 /* BriefHistoryImageObject.swift in Sources */,
				C05ADECB2B0AC29D00F5B5ED /* LoginOnboardingView.swift in Sources */,
				C0FF4C252C40A02000146DC9 /* Project.swift in Sources */,
				C0FF4C132C40990400146DC9 /* CompanyHGrid.swift in Sources */,
				C0FF4C172C40993A00146DC9 /* MapControlPanelView.swift in Sources */,
				C05ADEC92B0AC29D00F5B5ED /* SwfitUI_Connect_And_CareApp.swift in Sources */,
				C02C06502B27F01E00600FFA /* CompanyObject.swift in Sources */,
				C0FF4C1F2C409FE000146DC9 /* BriefHistoryObject.swift in Sources */,
				C0A0F8FA2B34223E0096F1E8 /* BlurView.swift in Sources */,
				C09962232B2A9C39001265F5 /* NGOMapViewViewModel.swift in Sources */,
				C05ADED72B0BD9D400F5B5ED /* UserInputView.swift in Sources */,
			);
			runOnlyForDeploymentPostprocessing = 0;
		};
/* End PBXSourcesBuildPhase section */

/* Begin XCBuildConfiguration section */
		C05ADED12B0AC29E00F5B5ED /* Debug */ = {
			isa = XCBuildConfiguration;
			buildSettings = {
				ALWAYS_SEARCH_USER_PATHS = NO;
				ASSETCATALOG_COMPILER_GENERATE_SWIFT_ASSET_SYMBOL_EXTENSIONS = YES;
				CLANG_ANALYZER_NONNULL = YES;
				CLANG_ANALYZER_NUMBER_OBJECT_CONVERSION = YES_AGGRESSIVE;
				CLANG_CXX_LANGUAGE_STANDARD = "gnu++20";
				CLANG_ENABLE_MODULES = YES;
				CLANG_ENABLE_OBJC_ARC = YES;
				CLANG_ENABLE_OBJC_WEAK = YES;
				CLANG_WARN_BLOCK_CAPTURE_AUTORELEASING = YES;
				CLANG_WARN_BOOL_CONVERSION = YES;
				CLANG_WARN_COMMA = YES;
				CLANG_WARN_CONSTANT_CONVERSION = YES;
				CLANG_WARN_DEPRECATED_OBJC_IMPLEMENTATIONS = YES;
				CLANG_WARN_DIRECT_OBJC_ISA_USAGE = YES_ERROR;
				CLANG_WARN_DOCUMENTATION_COMMENTS = YES;
				CLANG_WARN_EMPTY_BODY = YES;
				CLANG_WARN_ENUM_CONVERSION = YES;
				CLANG_WARN_INFINITE_RECURSION = YES;
				CLANG_WARN_INT_CONVERSION = YES;
				CLANG_WARN_NON_LITERAL_NULL_CONVERSION = YES;
				CLANG_WARN_OBJC_IMPLICIT_RETAIN_SELF = YES;
				CLANG_WARN_OBJC_LITERAL_CONVERSION = YES;
				CLANG_WARN_OBJC_ROOT_CLASS = YES_ERROR;
				CLANG_WARN_QUOTED_INCLUDE_IN_FRAMEWORK_HEADER = YES;
				CLANG_WARN_RANGE_LOOP_ANALYSIS = YES;
				CLANG_WARN_STRICT_PROTOTYPES = YES;
				CLANG_WARN_SUSPICIOUS_MOVE = YES;
				CLANG_WARN_UNGUARDED_AVAILABILITY = YES_AGGRESSIVE;
				CLANG_WARN_UNREACHABLE_CODE = YES;
				CLANG_WARN__DUPLICATE_METHOD_MATCH = YES;
				COPY_PHASE_STRIP = NO;
				DEBUG_INFORMATION_FORMAT = dwarf;
				ENABLE_STRICT_OBJC_MSGSEND = YES;
				ENABLE_TESTABILITY = YES;
				ENABLE_USER_SCRIPT_SANDBOXING = YES;
				GCC_C_LANGUAGE_STANDARD = gnu17;
				GCC_DYNAMIC_NO_PIC = NO;
				GCC_NO_COMMON_BLOCKS = YES;
				GCC_OPTIMIZATION_LEVEL = 0;
				GCC_PREPROCESSOR_DEFINITIONS = (
					"DEBUG=1",
					"$(inherited)",
				);
				GCC_WARN_64_TO_32_BIT_CONVERSION = YES;
				GCC_WARN_ABOUT_RETURN_TYPE = YES_ERROR;
				GCC_WARN_UNDECLARED_SELECTOR = YES;
				GCC_WARN_UNINITIALIZED_AUTOS = YES_AGGRESSIVE;
				GCC_WARN_UNUSED_FUNCTION = YES;
				GCC_WARN_UNUSED_VARIABLE = YES;
				IPHONEOS_DEPLOYMENT_TARGET = 17.0;
				LOCALIZATION_PREFERS_STRING_CATALOGS = YES;
				MTL_ENABLE_DEBUG_INFO = INCLUDE_SOURCE;
				MTL_FAST_MATH = YES;
				ONLY_ACTIVE_ARCH = YES;
				SDKROOT = iphoneos;
				SWIFT_ACTIVE_COMPILATION_CONDITIONS = "DEBUG $(inherited)";
				SWIFT_OPTIMIZATION_LEVEL = "-Onone";
			};
			name = Debug;
		};
		C05ADED22B0AC29E00F5B5ED /* Release */ = {
			isa = XCBuildConfiguration;
			buildSettings = {
				ALWAYS_SEARCH_USER_PATHS = NO;
				ASSETCATALOG_COMPILER_GENERATE_SWIFT_ASSET_SYMBOL_EXTENSIONS = YES;
				CLANG_ANALYZER_NONNULL = YES;
				CLANG_ANALYZER_NUMBER_OBJECT_CONVERSION = YES_AGGRESSIVE;
				CLANG_CXX_LANGUAGE_STANDARD = "gnu++20";
				CLANG_ENABLE_MODULES = YES;
				CLANG_ENABLE_OBJC_ARC = YES;
				CLANG_ENABLE_OBJC_WEAK = YES;
				CLANG_WARN_BLOCK_CAPTURE_AUTORELEASING = YES;
				CLANG_WARN_BOOL_CONVERSION = YES;
				CLANG_WARN_COMMA = YES;
				CLANG_WARN_CONSTANT_CONVERSION = YES;
				CLANG_WARN_DEPRECATED_OBJC_IMPLEMENTATIONS = YES;
				CLANG_WARN_DIRECT_OBJC_ISA_USAGE = YES_ERROR;
				CLANG_WARN_DOCUMENTATION_COMMENTS = YES;
				CLANG_WARN_EMPTY_BODY = YES;
				CLANG_WARN_ENUM_CONVERSION = YES;
				CLANG_WARN_INFINITE_RECURSION = YES;
				CLANG_WARN_INT_CONVERSION = YES;
				CLANG_WARN_NON_LITERAL_NULL_CONVERSION = YES;
				CLANG_WARN_OBJC_IMPLICIT_RETAIN_SELF = YES;
				CLANG_WARN_OBJC_LITERAL_CONVERSION = YES;
				CLANG_WARN_OBJC_ROOT_CLASS = YES_ERROR;
				CLANG_WARN_QUOTED_INCLUDE_IN_FRAMEWORK_HEADER = YES;
				CLANG_WARN_RANGE_LOOP_ANALYSIS = YES;
				CLANG_WARN_STRICT_PROTOTYPES = YES;
				CLANG_WARN_SUSPICIOUS_MOVE = YES;
				CLANG_WARN_UNGUARDED_AVAILABILITY = YES_AGGRESSIVE;
				CLANG_WARN_UNREACHABLE_CODE = YES;
				CLANG_WARN__DUPLICATE_METHOD_MATCH = YES;
				COPY_PHASE_STRIP = NO;
				DEBUG_INFORMATION_FORMAT = "dwarf-with-dsym";
				ENABLE_NS_ASSERTIONS = NO;
				ENABLE_STRICT_OBJC_MSGSEND = YES;
				ENABLE_USER_SCRIPT_SANDBOXING = YES;
				GCC_C_LANGUAGE_STANDARD = gnu17;
				GCC_NO_COMMON_BLOCKS = YES;
				GCC_WARN_64_TO_32_BIT_CONVERSION = YES;
				GCC_WARN_ABOUT_RETURN_TYPE = YES_ERROR;
				GCC_WARN_UNDECLARED_SELECTOR = YES;
				GCC_WARN_UNINITIALIZED_AUTOS = YES_AGGRESSIVE;
				GCC_WARN_UNUSED_FUNCTION = YES;
				GCC_WARN_UNUSED_VARIABLE = YES;
				IPHONEOS_DEPLOYMENT_TARGET = 17.0;
				LOCALIZATION_PREFERS_STRING_CATALOGS = YES;
				MTL_ENABLE_DEBUG_INFO = NO;
				MTL_FAST_MATH = YES;
				SDKROOT = iphoneos;
				SWIFT_COMPILATION_MODE = wholemodule;
				VALIDATE_PRODUCT = YES;
			};
			name = Release;
		};
		C05ADED42B0AC29E00F5B5ED /* Debug */ = {
			isa = XCBuildConfiguration;
			buildSettings = {
				ASSETCATALOG_COMPILER_APPICON_NAME = AppIcon;
				ASSETCATALOG_COMPILER_GLOBAL_ACCENT_COLOR_NAME = AccentColor;
				CODE_SIGN_STYLE = Automatic;
				CURRENT_PROJECT_VERSION = 1;
				DEVELOPMENT_ASSET_PATHS = "\"SwfitUI Connect And Care/Preview Content\"";
				DEVELOPMENT_TEAM = 44L8G96RH5;
				ENABLE_PREVIEWS = YES;
				GENERATE_INFOPLIST_FILE = YES;
				INFOPLIST_KEY_UIApplicationSceneManifest_Generation = YES;
				INFOPLIST_KEY_UIApplicationSupportsIndirectInputEvents = YES;
				INFOPLIST_KEY_UILaunchScreen_Generation = YES;
				INFOPLIST_KEY_UISupportedInterfaceOrientations_iPad = "UIInterfaceOrientationPortrait UIInterfaceOrientationPortraitUpsideDown UIInterfaceOrientationLandscapeLeft UIInterfaceOrientationLandscapeRight";
				INFOPLIST_KEY_UISupportedInterfaceOrientations_iPhone = "UIInterfaceOrientationPortrait UIInterfaceOrientationLandscapeLeft UIInterfaceOrientationLandscapeRight";
				LD_RUNPATH_SEARCH_PATHS = (
					"$(inherited)",
					"@executable_path/Frameworks",
				);
				MARKETING_VERSION = 1.0;
				PRODUCT_BUNDLE_IDENTIFIER = "com.marqmakesapps.SwfitUI-Connect-And-Care";
				PRODUCT_NAME = "$(TARGET_NAME)";
				SWIFT_EMIT_LOC_STRINGS = YES;
				SWIFT_VERSION = 5.0;
				TARGETED_DEVICE_FAMILY = "1,2";
			};
			name = Debug;
		};
		C05ADED52B0AC29E00F5B5ED /* Release */ = {
			isa = XCBuildConfiguration;
			buildSettings = {
				ASSETCATALOG_COMPILER_APPICON_NAME = AppIcon;
				ASSETCATALOG_COMPILER_GLOBAL_ACCENT_COLOR_NAME = AccentColor;
				CODE_SIGN_STYLE = Automatic;
				CURRENT_PROJECT_VERSION = 1;
				DEVELOPMENT_ASSET_PATHS = "\"SwfitUI Connect And Care/Preview Content\"";
				DEVELOPMENT_TEAM = 44L8G96RH5;
				ENABLE_PREVIEWS = YES;
				GENERATE_INFOPLIST_FILE = YES;
				INFOPLIST_KEY_UIApplicationSceneManifest_Generation = YES;
				INFOPLIST_KEY_UIApplicationSupportsIndirectInputEvents = YES;
				INFOPLIST_KEY_UILaunchScreen_Generation = YES;
				INFOPLIST_KEY_UISupportedInterfaceOrientations_iPad = "UIInterfaceOrientationPortrait UIInterfaceOrientationPortraitUpsideDown UIInterfaceOrientationLandscapeLeft UIInterfaceOrientationLandscapeRight";
				INFOPLIST_KEY_UISupportedInterfaceOrientations_iPhone = "UIInterfaceOrientationPortrait UIInterfaceOrientationLandscapeLeft UIInterfaceOrientationLandscapeRight";
				LD_RUNPATH_SEARCH_PATHS = (
					"$(inherited)",
					"@executable_path/Frameworks",
				);
				MARKETING_VERSION = 1.0;
				PRODUCT_BUNDLE_IDENTIFIER = "com.marqmakesapps.SwfitUI-Connect-And-Care";
				PRODUCT_NAME = "$(TARGET_NAME)";
				SWIFT_EMIT_LOC_STRINGS = YES;
				SWIFT_VERSION = 5.0;
				TARGETED_DEVICE_FAMILY = "1,2";
			};
			name = Release;
		};
/* End XCBuildConfiguration section */

/* Begin XCConfigurationList section */
		C05ADEC02B0AC29D00F5B5ED /* Build configuration list for PBXProject "SwfitUI Connect And Care" */ = {
			isa = XCConfigurationList;
			buildConfigurations = (
				C05ADED12B0AC29E00F5B5ED /* Debug */,
				C05ADED22B0AC29E00F5B5ED /* Release */,
			);
			defaultConfigurationIsVisible = 0;
			defaultConfigurationName = Release;
		};
		C05ADED32B0AC29E00F5B5ED /* Build configuration list for PBXNativeTarget "SwfitUI Connect And Care" */ = {
			isa = XCConfigurationList;
			buildConfigurations = (
				C05ADED42B0AC29E00F5B5ED /* Debug */,
				C05ADED52B0AC29E00F5B5ED /* Release */,
			);
			defaultConfigurationIsVisible = 0;
			defaultConfigurationName = Release;
		};
/* End XCConfigurationList section */
	};
	rootObject = C05ADEBD2B0AC29D00F5B5ED /* Project object */;
}
